
Microsoft Visual Studio Solution File, Format Version 12.00
# Visual Studio Version 16
VisualStudioVersion = 16.0.31402.337
MinimumVisualStudioVersion = 10.0.40219.1
Project("{FAE04EC0-301F-11D3-BF4B-00C04F79EFBC}") = "Project", "Project.csproj", "{FF820371-A7F9-42CE-8658-2807C75644BB}"
EndProject
Global
	GlobalSection(SolutionConfigurationPlatforms) = preSolution
		Debug|Any CPU = Debug|Any CPU
		Release|Any CPU = Release|Any CPU
	EndGlobalSection
	GlobalSection(ProjectConfigurationPlatforms) = postSolution
		{FF820371-A7F9-42CE-8658-2807C75644BB}.Debug|Any CPU.ActiveCfg = Debug|Any CPU
		{FF820371-A7F9-42CE-8658-2807C75644BB}.Debug|Any CPU.Build.0 = Debug|Any CPU
		{FF820371-A7F9-42CE-8658-2807C75644BB}.Release|Any CPU.ActiveCfg = Release|Any CPU
		{FF820371-A7F9-42CE-8658-2807C75644BB}.Release|Any CPU.Build.0 = Release|Any CPU
	EndGlobalSection
	GlobalSection(SolutionProperties) = preSolution
		HideSolutionNode = FALSE
	EndGlobalSection
	GlobalSection(ExtensibilityGlobals) = postSolution
		SolutionGuid = {F190C0BD-E40F-4C20-8E5E-5B33F80804FA}
	EndGlobalSection
EndGlobal
